
Microsoft Visual Studio Solution File, Format Version 12.00
# Visual Studio Version 17
VisualStudioVersion = 17.2.32616.157
MinimumVisualStudioVersion = 10.0.40219.1
Project("{FAE04EC0-301F-11D3-BF4B-00C04F79EFBC}") = "TaskInteview", "TaskInteview\TaskInteview.csproj", "{1719E0FC-91FD-4E54-9318-732BBDBBEDA5}"
EndProject
Global
	GlobalSection(SolutionConfigurationPlatforms) = preSolution
		Debug|Any CPU = Debug|Any CPU
		Release|Any CPU = Release|Any CPU
	EndGlobalSection
	GlobalSection(ProjectConfigurationPlatforms) = postSolution
		{1719E0FC-91FD-4E54-9318-732BBDBBEDA5}.Debug|Any CPU.ActiveCfg = Debug|Any CPU
		{1719E0FC-91FD-4E54-9318-732BBDBBEDA5}.Debug|Any CPU.Build.0 = Debug|Any CPU
		{1719E0FC-91FD-4E54-9318-732BBDBBEDA5}.Release|Any CPU.ActiveCfg = Release|Any CPU
		{1719E0FC-91FD-4E54-9318-732BBDBBEDA5}.Release|Any CPU.Build.0 = Release|Any CPU
	EndGlobalSection
	GlobalSection(SolutionProperties) = preSolution
		HideSolutionNode = FALSE
	EndGlobalSection
	GlobalSection(ExtensibilityGlobals) = postSolution
		SolutionGuid = {55B48F32-7BAE-4215-B0DE-CC89648BAE1B}
	EndGlobalSection
EndGlobal
